
Microsoft Visual Studio Solution File, Format Version 12.00
# Visual Studio 15
VisualStudioVersion = 15.0.26730.10
MinimumVisualStudioVersion = 10.0.40219.1
Project("{FAE04EC0-301F-11D3-BF4B-00C04F79EFBC}") = "Silencio.Android", "Silencio\Silencio.Android\Silencio.Android.csproj", "{D17894B9-5642-4076-A928-4FD4B1B5FA8E}"
EndProject
Project("{FAE04EC0-301F-11D3-BF4B-00C04F79EFBC}") = "Silencio", "Silencio\Silencio\Silencio.csproj", "{3B93B0A8-006E-4C2A-8D7A-6DABBB428895}"
EndProject
Project("{FAE04EC0-301F-11D3-BF4B-00C04F79EFBC}") = "Silencio.iOS", "Silencio\Silencio.iOS\Silencio.iOS.csproj", "{6C1D4150-C009-4929-903A-9E36F9A7B885}"
EndProject
Global
	GlobalSection(SolutionConfigurationPlatforms) = preSolution
		Ad-Hoc|Any CPU = Ad-Hoc|Any CPU
		Ad-Hoc|ARM = Ad-Hoc|ARM
		Ad-Hoc|iPhone = Ad-Hoc|iPhone
		Ad-Hoc|iPhoneSimulator = Ad-Hoc|iPhoneSimulator
		Ad-Hoc|x64 = Ad-Hoc|x64
		Ad-Hoc|x86 = Ad-Hoc|x86
		AppStore|Any CPU = AppStore|Any CPU
		AppStore|ARM = AppStore|ARM
		AppStore|iPhone = AppStore|iPhone
		AppStore|iPhoneSimulator = AppStore|iPhoneSimulator
		AppStore|x64 = AppStore|x64
		AppStore|x86 = AppStore|x86
		Debug|Any CPU = Debug|Any CPU
		Debug|ARM = Debug|ARM
		Debug|iPhone = Debug|iPhone
		Debug|iPhoneSimulator = Debug|iPhoneSimulator
		Debug|x64 = Debug|x64
		Debug|x86 = Debug|x86
		Release|Any CPU = Release|Any CPU
		Release|ARM = Release|ARM
		Release|iPhone = Release|iPhone
		Release|iPhoneSimulator = Release|iPhoneSimulator
		Release|x64 = Release|x64
		Release|x86 = Release|x86
	EndGlobalSection
	GlobalSection(ProjectConfigurationPlatforms) = postSolution
		{D17894B9-5642-4076-A928-4FD4B1B5FA8E}.Ad-Hoc|Any CPU.ActiveCfg = Release|Any CPU
		{D17894B9-5642-4076-A928-4FD4B1B5FA8E}.Ad-Hoc|Any CPU.Build.0 = Release|Any CPU
		{D17894B9-5642-4076-A928-4FD4B1B5FA8E}.Ad-Hoc|Any CPU.Deploy.0 = Release|Any CPU
		{D17894B9-5642-4076-A928-4FD4B1B5FA8E}.Ad-Hoc|ARM.ActiveCfg = Release|Any CPU
		{D17894B9-5642-4076-A928-4FD4B1B5FA8E}.Ad-Hoc|ARM.Build.0 = Release|Any CPU
		{D17894B9-5642-4076-A928-4FD4B1B5FA8E}.Ad-Hoc|ARM.Deploy.0 = Release|Any CPU
		{D17894B9-5642-4076-A928-4FD4B1B5FA8E}.Ad-Hoc|iPhone.ActiveCfg = Release|Any CPU
		{D17894B9-5642-4076-A928-4FD4B1B5FA8E}.Ad-Hoc|iPhone.Build.0 = Release|Any CPU
		{D17894B9-5642-4076-A928-4FD4B1B5FA8E}.Ad-Hoc|iPhone.Deploy.0 = Release|Any CPU
		{D17894B9-5642-4076-A928-4FD4B1B5FA8E}.Ad-Hoc|iPhoneSimulator.ActiveCfg = Release|Any CPU
		{D17894B9-5642-4076-A928-4FD4B1B5FA8E}.Ad-Hoc|iPhoneSimulator.Build.0 = Release|Any CPU
		{D17894B9-5642-4076-A928-4FD4B1B5FA8E}.Ad-Hoc|iPhoneSimulator.Deploy.0 = Release|Any CPU
		{D17894B9-5642-4076-A928-4FD4B1B5FA8E}.Ad-Hoc|x64.ActiveCfg = Release|Any CPU
		{D17894B9-5642-4076-A928-4FD4B1B5FA8E}.Ad-Hoc|x64.Build.0 = Release|Any CPU
		{D17894B9-5642-4076-A928-4FD4B1B5FA8E}.Ad-Hoc|x64.Deploy.0 = Release|Any CPU
		{D17894B9-5642-4076-A928-4FD4B1B5FA8E}.Ad-Hoc|x86.ActiveCfg = Release|Any CPU
		{D17894B9-5642-4076-A928-4FD4B1B5FA8E}.Ad-Hoc|x86.Build.0 = Release|Any CPU
		{D17894B9-5642-4076-A928-4FD4B1B5FA8E}.Ad-Hoc|x86.Deploy.0 = Release|Any CPU
		{D17894B9-5642-4076-A928-4FD4B1B5FA8E}.AppStore|Any CPU.ActiveCfg = Release|Any CPU
		{D17894B9-5642-4076-A928-4FD4B1B5FA8E}.AppStore|Any CPU.Build.0 = Release|Any CPU
		{D17894B9-5642-4076-A928-4FD4B1B5FA8E}.AppStore|Any CPU.Deploy.0 = Release|Any CPU
		{D17894B9-5642-4076-A928-4FD4B1B5FA8E}.AppStore|ARM.ActiveCfg = Release|Any CPU
		{D17894B9-5642-4076-A928-4FD4B1B5FA8E}.AppStore|ARM.Build.0 = Release|Any CPU
		{D17894B9-5642-4076-A928-4FD4B1B5FA8E}.AppStore|ARM.Deploy.0 = Release|Any CPU
		{D17894B9-5642-4076-A928-4FD4B1B5FA8E}.AppStore|iPhone.ActiveCfg = Release|Any CPU
		{D17894B9-5642-4076-A928-4FD4B1B5FA8E}.AppStore|iPhone.Build.0 = Release|Any CPU
		{D17894B9-5642-4076-A928-4FD4B1B5FA8E}.AppStore|iPhone.Deploy.0 = Release|Any CPU
		{D17894B9-5642-4076-A928-4FD4B1B5FA8E}.AppStore|iPhoneSimulator.ActiveCfg = Release|Any CPU
		{D17894B9-5642-4076-A928-4FD4B1B5FA8E}.AppStore|iPhoneSimulator.Build.0 = Release|Any CPU
		{D17894B9-5642-4076-A928-4FD4B1B5FA8E}.AppStore|iPhoneSimulator.Deploy.0 = Release|Any CPU
		{D17894B9-5642-4076-A928-4FD4B1B5FA8E}.AppStore|x64.ActiveCfg = Release|Any CPU
		{D17894B9-5642-4076-A928-4FD4B1B5FA8E}.AppStore|x64.Build.0 = Release|Any CPU
		{D17894B9-5642-4076-A928-4FD4B1B5FA8E}.AppStore|x64.Deploy.0 = Release|Any CPU
		{D17894B9-5642-4076-A928-4FD4B1B5FA8E}.AppStore|x86.ActiveCfg = Release|Any CPU
		{D17894B9-5642-4076-A928-4FD4B1B5FA8E}.AppStore|x86.Build.0 = Release|Any CPU
		{D17894B9-5642-4076-A928-4FD4B1B5FA8E}.AppStore|x86.Deploy.0 = Release|Any CPU
		{D17894B9-5642-4076-A928-4FD4B1B5FA8E}.Debug|Any CPU.ActiveCfg = Debug|Any CPU
		{D17894B9-5642-4076-A928-4FD4B1B5FA8E}.Debug|Any CPU.Build.0 = Debug|Any CPU
		{D17894B9-5642-4076-A928-4FD4B1B5FA8E}.Debug|Any CPU.Deploy.0 = Debug|Any CPU
		{D17894B9-5642-4076-A928-4FD4B1B5FA8E}.Debug|ARM.ActiveCfg = Debug|Any CPU
		{D17894B9-5642-4076-A928-4FD4B1B5FA8E}.Debug|ARM.Build.0 = Debug|Any CPU
		{D17894B9-5642-4076-A928-4FD4B1B5FA8E}.Debug|ARM.Deploy.0 = Debug|Any CPU
		{D17894B9-5642-4076-A928-4FD4B1B5FA8E}.Debug|iPhone.ActiveCfg = Debug|Any CPU
		{D17894B9-5642-4076-A928-4FD4B1B5FA8E}.Debug|iPhone.Build.0 = Debug|Any CPU
		{D17894B9-5642-4076-A928-4FD4B1B5FA8E}.Debug|iPhone.Deploy.0 = Debug|Any CPU
		{D17894B9-5642-4076-A928-4FD4B1B5FA8E}.Debug|iPhoneSimulator.ActiveCfg = Debug|Any CPU
		{D17894B9-5642-4076-A928-4FD4B1B5FA8E}.Debug|iPhoneSimulator.Build.0 = Debug|Any CPU
		{D17894B9-5642-4076-A928-4FD4B1B5FA8E}.Debug|iPhoneSimulator.Deploy.0 = Debug|Any CPU
		{D17894B9-5642-4076-A928-4FD4B1B5FA8E}.Debug|x64.ActiveCfg = Debug|Any CPU
		{D17894B9-5642-4076-A928-4FD4B1B5FA8E}.Debug|x64.Build.0 = Debug|Any CPU
		{D17894B9-5642-4076-A928-4FD4B1B5FA8E}.Debug|x64.Deploy.0 = Debug|Any CPU
		{D17894B9-5642-4076-A928-4FD4B1B5FA8E}.Debug|x86.ActiveCfg = Debug|Any CPU
		{D17894B9-5642-4076-A928-4FD4B1B5FA8E}.Debug|x86.Build.0 = Debug|Any CPU
		{D17894B9-5642-4076-A928-4FD4B1B5FA8E}.Debug|x86.Deploy.0 = Debug|Any CPU
		{D17894B9-5642-4076-A928-4FD4B1B5FA8E}.Release|Any CPU.ActiveCfg = Release|Any CPU
		{D17894B9-5642-4076-A928-4FD4B1B5FA8E}.Release|Any CPU.Build.0 = Release|Any CPU
		{D17894B9-5642-4076-A928-4FD4B1B5FA8E}.Release|Any CPU.Deploy.0 = Release|Any CPU
		{D17894B9-5642-4076-A928-4FD4B1B5FA8E}.Release|ARM.ActiveCfg = Release|Any CPU
		{D17894B9-5642-4076-A928-4FD4B1B5FA8E}.Release|ARM.Build.0 = Release|Any CPU
		{D17894B9-5642-4076-A928-4FD4B1B5FA8E}.Release|ARM.Deploy.0 = Release|Any CPU
		{D17894B9-5642-4076-A928-4FD4B1B5FA8E}.Release|iPhone.ActiveCfg = Release|Any CPU
		{D17894B9-5642-4076-A928-4FD4B1B5FA8E}.Release|iPhone.Build.0 = Release|Any CPU
		{D17894B9-5642-4076-A928-4FD4B1B5FA8E}.Release|iPhone.Deploy.0 = Release|Any CPU
		{D17894B9-5642-4076-A928-4FD4B1B5FA8E}.Release|iPhoneSimulator.ActiveCfg = Release|Any CPU
		{D17894B9-5642-4076-A928-4FD4B1B5FA8E}.Release|iPhoneSimulator.Build.0 = Release|Any CPU
		{D17894B9-5642-4076-A928-4FD4B1B5FA8E}.Release|iPhoneSimulator.Deploy.0 = Release|Any CPU
		{D17894B9-5642-4076-A928-4FD4B1B5FA8E}.Release|x64.ActiveCfg = Release|Any CPU
		{D17894B9-5642-4076-A928-4FD4B1B5FA8E}.Release|x64.Build.0 = Release|Any CPU
		{D17894B9-5642-4076-A928-4FD4B1B5FA8E}.Release|x64.Deploy.0 = Release|Any CPU
		{D17894B9-5642-4076-A928-4FD4B1B5FA8E}.Release|x86.ActiveCfg = Release|Any CPU
		{D17894B9-5642-4076-A928-4FD4B1B5FA8E}.Release|x86.Build.0 = Release|Any CPU
		{D17894B9-5642-4076-A928-4FD4B1B5FA8E}.Release|x86.Deploy.0 = Release|Any CPU
		{3B93B0A8-006E-4C2A-8D7A-6DABBB428895}.Ad-Hoc|Any CPU.ActiveCfg = Release|Any CPU
		{3B93B0A8-006E-4C2A-8D7A-6DABBB428895}.Ad-Hoc|Any CPU.Build.0 = Release|Any CPU
		{3B93B0A8-006E-4C2A-8D7A-6DABBB428895}.Ad-Hoc|ARM.ActiveCfg = Release|Any CPU
		{3B93B0A8-006E-4C2A-8D7A-6DABBB428895}.Ad-Hoc|ARM.Build.0 = Release|Any CPU
		{3B93B0A8-006E-4C2A-8D7A-6DABBB428895}.Ad-Hoc|iPhone.ActiveCfg = Release|Any CPU
		{3B93B0A8-006E-4C2A-8D7A-6DABBB428895}.Ad-Hoc|iPhone.Build.0 = Release|Any CPU
		{3B93B0A8-006E-4C2A-8D7A-6DABBB428895}.Ad-Hoc|iPhoneSimulator.ActiveCfg = Release|Any CPU
		{3B93B0A8-006E-4C2A-8D7A-6DABBB428895}.Ad-Hoc|iPhoneSimulator.Build.0 = Release|Any CPU
		{3B93B0A8-006E-4C2A-8D7A-6DABBB428895}.Ad-Hoc|x64.ActiveCfg = Release|Any CPU
		{3B93B0A8-006E-4C2A-8D7A-6DABBB428895}.Ad-Hoc|x64.Build.0 = Release|Any CPU
		{3B93B0A8-006E-4C2A-8D7A-6DABBB428895}.Ad-Hoc|x86.ActiveCfg = Release|Any CPU
		{3B93B0A8-006E-4C2A-8D7A-6DABBB428895}.Ad-Hoc|x86.Build.0 = Release|Any CPU
		{3B93B0A8-006E-4C2A-8D7A-6DABBB428895}.AppStore|Any CPU.ActiveCfg = Release|Any CPU
		{3B93B0A8-006E-4C2A-8D7A-6DABBB428895}.AppStore|Any CPU.Build.0 = Release|Any CPU
		{3B93B0A8-006E-4C2A-8D7A-6DABBB428895}.AppStore|ARM.ActiveCfg = Release|Any CPU
		{3B93B0A8-006E-4C2A-8D7A-6DABBB428895}.AppStore|ARM.Build.0 = Release|Any CPU
		{3B93B0A8-006E-4C2A-8D7A-6DABBB428895}.AppStore|iPhone.ActiveCfg = Release|Any CPU
		{3B93B0A8-006E-4C2A-8D7A-6DABBB428895}.AppStore|iPhone.Build.0 = Release|Any CPU
		{3B93B0A8-006E-4C2A-8D7A-6DABBB428895}.AppStore|iPhoneSimulator.ActiveCfg = Release|Any CPU
		{3B93B0A8-006E-4C2A-8D7A-6DABBB428895}.AppStore|iPhoneSimulator.Build.0 = Release|Any CPU
		{3B93B0A8-006E-4C2A-8D7A-6DABBB428895}.AppStore|x64.ActiveCfg = Release|Any CPU
		{3B93B0A8-006E-4C2A-8D7A-6DABBB428895}.AppStore|x64.Build.0 = Release|Any CPU
		{3B93B0A8-006E-4C2A-8D7A-6DABBB428895}.AppStore|x86.ActiveCfg = Release|Any CPU
		{3B93B0A8-006E-4C2A-8D7A-6DABBB428895}.AppStore|x86.Build.0 = Release|Any CPU
		{3B93B0A8-006E-4C2A-8D7A-6DABBB428895}.Debug|Any CPU.ActiveCfg = Debug|Any CPU
		{3B93B0A8-006E-4C2A-8D7A-6DABBB428895}.Debug|Any CPU.Build.0 = Debug|Any CPU
		{3B93B0A8-006E-4C2A-8D7A-6DABBB428895}.Debug|ARM.ActiveCfg = Debug|Any CPU
		{3B93B0A8-006E-4C2A-8D7A-6DABBB428895}.Debug|ARM.Build.0 = Debug|Any CPU
		{3B93B0A8-006E-4C2A-8D7A-6DABBB428895}.Debug|iPhone.ActiveCfg = Debug|Any CPU
		{3B93B0A8-006E-4C2A-8D7A-6DABBB428895}.Debug|iPhone.Build.0 = Debug|Any CPU
		{3B93B0A8-006E-4C2A-8D7A-6DABBB428895}.Debug|iPhoneSimulator.ActiveCfg = Debug|Any CPU
		{3B93B0A8-006E-4C2A-8D7A-6DABBB428895}.Debug|iPhoneSimulator.Build.0 = Debug|Any CPU
		{3B93B0A8-006E-4C2A-8D7A-6DABBB428895}.Debug|x64.ActiveCfg = Debug|Any CPU
		{3B93B0A8-006E-4C2A-8D7A-6DABBB428895}.Debug|x64.Build.0 = Debug|Any CPU
		{3B93B0A8-006E-4C2A-8D7A-6DABBB428895}.Debug|x86.ActiveCfg = Debug|Any CPU
		{3B93B0A8-006E-4C2A-8D7A-6DABBB428895}.Debug|x86.Build.0 = Debug|Any CPU
		{3B93B0A8-006E-4C2A-8D7A-6DABBB428895}.Release|Any CPU.ActiveCfg = Release|Any CPU
		{3B93B0A8-006E-4C2A-8D7A-6DABBB428895}.Release|Any CPU.Build.0 = Release|Any CPU
		{3B93B0A8-006E-4C2A-8D7A-6DABBB428895}.Release|ARM.ActiveCfg = Release|Any CPU
		{3B93B0A8-006E-4C2A-8D7A-6DABBB428895}.Release|ARM.Build.0 = Release|Any CPU
		{3B93B0A8-006E-4C2A-8D7A-6DABBB428895}.Release|iPhone.ActiveCfg = Release|Any CPU
		{3B93B0A8-006E-4C2A-8D7A-6DABBB428895}.Release|iPhone.Build.0 = Release|Any CPU
		{3B93B0A8-006E-4C2A-8D7A-6DABBB428895}.Release|iPhoneSimulator.ActiveCfg = Release|Any CPU
		{3B93B0A8-006E-4C2A-8D7A-6DABBB428895}.Release|iPhoneSimulator.Build.0 = Release|Any CPU
		{3B93B0A8-006E-4C2A-8D7A-6DABBB428895}.Release|x64.ActiveCfg = Release|Any CPU
		{3B93B0A8-006E-4C2A-8D7A-6DABBB428895}.Release|x64.Build.0 = Release|Any CPU
		{3B93B0A8-006E-4C2A-8D7A-6DABBB428895}.Release|x86.ActiveCfg = Release|Any CPU
		{3B93B0A8-006E-4C2A-8D7A-6DABBB428895}.Release|x86.Build.0 = Release|Any CPU
		{6C1D4150-C009-4929-903A-9E36F9A7B885}.Ad-Hoc|Any CPU.ActiveCfg = Ad-Hoc|iPhone
		{6C1D4150-C009-4929-903A-9E36F9A7B885}.Ad-Hoc|ARM.ActiveCfg = Ad-Hoc|iPhone
		{6C1D4150-C009-4929-903A-9E36F9A7B885}.Ad-Hoc|iPhone.ActiveCfg = Ad-Hoc|iPhone
		{6C1D4150-C009-4929-903A-9E36F9A7B885}.Ad-Hoc|iPhone.Build.0 = Ad-Hoc|iPhone
		{6C1D4150-C009-4929-903A-9E36F9A7B885}.Ad-Hoc|iPhoneSimulator.ActiveCfg = Ad-Hoc|iPhoneSimulator
		{6C1D4150-C009-4929-903A-9E36F9A7B885}.Ad-Hoc|iPhoneSimulator.Build.0 = Ad-Hoc|iPhoneSimulator
		{6C1D4150-C009-4929-903A-9E36F9A7B885}.Ad-Hoc|x64.ActiveCfg = Ad-Hoc|iPhone
		{6C1D4150-C009-4929-903A-9E36F9A7B885}.Ad-Hoc|x86.ActiveCfg = Ad-Hoc|iPhone
		{6C1D4150-C009-4929-903A-9E36F9A7B885}.AppStore|Any CPU.ActiveCfg = AppStore|iPhone
		{6C1D4150-C009-4929-903A-9E36F9A7B885}.AppStore|ARM.ActiveCfg = AppStore|iPhone
		{6C1D4150-C009-4929-903A-9E36F9A7B885}.AppStore|iPhone.ActiveCfg = AppStore|iPhone
		{6C1D4150-C009-4929-903A-9E36F9A7B885}.AppStore|iPhone.Build.0 = AppStore|iPhone
		{6C1D4150-C009-4929-903A-9E36F9A7B885}.AppStore|iPhoneSimulator.ActiveCfg = AppStore|iPhoneSimulator
		{6C1D4150-C009-4929-903A-9E36F9A7B885}.AppStore|iPhoneSimulator.Build.0 = AppStore|iPhoneSimulator
		{6C1D4150-C009-4929-903A-9E36F9A7B885}.AppStore|x64.ActiveCfg = AppStore|iPhone
		{6C1D4150-C009-4929-903A-9E36F9A7B885}.AppStore|x86.ActiveCfg = AppStore|iPhone
		{6C1D4150-C009-4929-903A-9E36F9A7B885}.Debug|Any CPU.ActiveCfg = Debug|iPhone
		{6C1D4150-C009-4929-903A-9E36F9A7B885}.Debug|ARM.ActiveCfg = Debug|iPhone
		{6C1D4150-C009-4929-903A-9E36F9A7B885}.Debug|iPhone.ActiveCfg = Debug|iPhone
		{6C1D4150-C009-4929-903A-9E36F9A7B885}.Debug|iPhone.Build.0 = Debug|iPhone
		{6C1D4150-C009-4929-903A-9E36F9A7B885}.Debug|iPhoneSimulator.ActiveCfg = Debug|iPhoneSimulator
		{6C1D4150-C009-4929-903A-9E36F9A7B885}.Debug|iPhoneSimulator.Build.0 = Debug|iPhoneSimulator
		{6C1D4150-C009-4929-903A-9E36F9A7B885}.Debug|x64.ActiveCfg = Debug|iPhone
		{6C1D4150-C009-4929-903A-9E36F9A7B885}.Debug|x86.ActiveCfg = Debug|iPhone
		{6C1D4150-C009-4929-903A-9E36F9A7B885}.Release|Any CPU.ActiveCfg = Release|iPhone
		{6C1D4150-C009-4929-903A-9E36F9A7B885}.Release|ARM.ActiveCfg = Release|iPhone
		{6C1D4150-C009-4929-903A-9E36F9A7B885}.Release|iPhone.ActiveCfg = Release|iPhone
		{6C1D4150-C009-4929-903A-9E36F9A7B885}.Release|iPhone.Build.0 = Release|iPhone
		{6C1D4150-C009-4929-903A-9E36F9A7B885}.Release|iPhoneSimulator.ActiveCfg = Release|iPhoneSimulator
		{6C1D4150-C009-4929-903A-9E36F9A7B885}.Release|iPhoneSimulator.Build.0 = Release|iPhoneSimulator
		{6C1D4150-C009-4929-903A-9E36F9A7B885}.Release|x64.ActiveCfg = Release|iPhone
		{6C1D4150-C009-4929-903A-9E36F9A7B885}.Release|x86.ActiveCfg = Release|iPhone
	EndGlobalSection
	GlobalSection(SolutionProperties) = preSolution
		HideSolutionNode = FALSE
	EndGlobalSection
	GlobalSection(ExtensibilityGlobals) = postSolution
		SolutionGuid = {6E6EE9AC-F5F4-4658-B114-9240714D9359}
	EndGlobalSection
EndGlobal
